
Microsoft Visual Studio Solution File, Format Version 12.00
# Visual Studio Version 17
VisualStudioVersion = 17.0.31903.59
MinimumVisualStudioVersion = 10.0.40219.1
Project("{9A19103F-16F7-4668-BE54-9A1E7A4F7556}") = "Drastic.HtmlLabel", "Drastic.HtmlLabel\Drastic.HtmlLabel.csproj", "{F1027763-BCB6-45A2-A957-01F9DF314DFA}"
EndProject
Project("{9A19103F-16F7-4668-BE54-9A1E7A4F7556}") = "WinUISample", "..\sample\WinUISample\WinUISample.csproj", "{ADC31CEA-272B-4465-B258-2DBF3DBED837}"
EndProject
Project("{9A19103F-16F7-4668-BE54-9A1E7A4F7556}") = "Sample", "..\sample\Sample\Sample.csproj", "{D639655F-85AC-4C46-BCE6-47F9B133AE93}"
EndProject
Project("{9A19103F-16F7-4668-BE54-9A1E7A4F7556}") = "tvOSSample", "..\sample\tvOSSample\tvOSSample.csproj", "{7F6A5B49-D1B5-4B2B-8157-7CA3452DE6E3}"
EndProject
Project("{9A19103F-16F7-4668-BE54-9A1E7A4F7556}") = "macOSSample", "..\sample\macOSSample\macOSSample.csproj", "{825E1F13-AAFB-4745-BDBB-3D1ABE2467E2}"
EndProject
Project("{9A19103F-16F7-4668-BE54-9A1E7A4F7556}") = "MacCatalystSample", "..\sample\MacCatalystSample\MacCatalystSample.csproj", "{1896B27D-7BF8-4E84-B219-FDC5C5932453}"
EndProject
Project("{9A19103F-16F7-4668-BE54-9A1E7A4F7556}") = "AndroidSample", "..\sample\AndroidSample\AndroidSample.csproj", "{66E073CF-7FE0-4950-8C3E-51A610083F9A}"
EndProject
Project("{2150E333-8FDC-42A3-9474-1A3956D46DE8}") = "Samples", "Samples", "{4FCE55DA-E162-40FB-A91F-F175FD1D7E87}"
EndProject
Project("{9A19103F-16F7-4668-BE54-9A1E7A4F7556}") = "iOSSample", "..\sample\iOSSample\iOSSample.csproj", "{6CFD38C5-B407-4BFB-9E68-374547F4D417}"
EndProject
Global
	GlobalSection(SolutionConfigurationPlatforms) = preSolution
		Debug|Any CPU = Debug|Any CPU
		Debug|ARM64 = Debug|ARM64
		Debug|x64 = Debug|x64
		Debug|x86 = Debug|x86
		Release|Any CPU = Release|Any CPU
		Release|ARM64 = Release|ARM64
		Release|x64 = Release|x64
		Release|x86 = Release|x86
	EndGlobalSection
	GlobalSection(ProjectConfigurationPlatforms) = postSolution
		{F1027763-BCB6-45A2-A957-01F9DF314DFA}.Debug|Any CPU.ActiveCfg = Debug|Any CPU
		{F1027763-BCB6-45A2-A957-01F9DF314DFA}.Debug|Any CPU.Build.0 = Debug|Any CPU
		{F1027763-BCB6-45A2-A957-01F9DF314DFA}.Debug|ARM64.ActiveCfg = Debug|Any CPU
		{F1027763-BCB6-45A2-A957-01F9DF314DFA}.Debug|ARM64.Build.0 = Debug|Any CPU
		{F1027763-BCB6-45A2-A957-01F9DF314DFA}.Debug|x64.ActiveCfg = Debug|Any CPU
		{F1027763-BCB6-45A2-A957-01F9DF314DFA}.Debug|x64.Build.0 = Debug|Any CPU
		{F1027763-BCB6-45A2-A957-01F9DF314DFA}.Debug|x86.ActiveCfg = Debug|Any CPU
		{F1027763-BCB6-45A2-A957-01F9DF314DFA}.Debug|x86.Build.0 = Debug|Any CPU
		{F1027763-BCB6-45A2-A957-01F9DF314DFA}.Release|Any CPU.ActiveCfg = Release|Any CPU
		{F1027763-BCB6-45A2-A957-01F9DF314DFA}.Release|Any CPU.Build.0 = Release|Any CPU
		{F1027763-BCB6-45A2-A957-01F9DF314DFA}.Release|ARM64.ActiveCfg = Release|Any CPU
		{F1027763-BCB6-45A2-A957-01F9DF314DFA}.Release|ARM64.Build.0 = Release|Any CPU
		{F1027763-BCB6-45A2-A957-01F9DF314DFA}.Release|x64.ActiveCfg = Release|Any CPU
		{F1027763-BCB6-45A2-A957-01F9DF314DFA}.Release|x64.Build.0 = Release|Any CPU
		{F1027763-BCB6-45A2-A957-01F9DF314DFA}.Release|x86.ActiveCfg = Release|Any CPU
		{F1027763-BCB6-45A2-A957-01F9DF314DFA}.Release|x86.Build.0 = Release|Any CPU
		{ADC31CEA-272B-4465-B258-2DBF3DBED837}.Debug|Any CPU.ActiveCfg = Debug|x64
		{ADC31CEA-272B-4465-B258-2DBF3DBED837}.Debug|Any CPU.Build.0 = Debug|x64
		{ADC31CEA-272B-4465-B258-2DBF3DBED837}.Debug|Any CPU.Deploy.0 = Debug|x64
		{ADC31CEA-272B-4465-B258-2DBF3DBED837}.Debug|ARM64.ActiveCfg = Debug|ARM64
		{ADC31CEA-272B-4465-B258-2DBF3DBED837}.Debug|ARM64.Build.0 = Debug|ARM64
		{ADC31CEA-272B-4465-B258-2DBF3DBED837}.Debug|ARM64.Deploy.0 = Debug|ARM64
		{ADC31CEA-272B-4465-B258-2DBF3DBED837}.Debug|x64.ActiveCfg = Debug|x64
		{ADC31CEA-272B-4465-B258-2DBF3DBED837}.Debug|x64.Build.0 = Debug|x64
		{ADC31CEA-272B-4465-B258-2DBF3DBED837}.Debug|x64.Deploy.0 = Debug|x64
		{ADC31CEA-272B-4465-B258-2DBF3DBED837}.Debug|x86.ActiveCfg = Debug|x86
		{ADC31CEA-272B-4465-B258-2DBF3DBED837}.Debug|x86.Build.0 = Debug|x86
		{ADC31CEA-272B-4465-B258-2DBF3DBED837}.Debug|x86.Deploy.0 = Debug|x86
		{ADC31CEA-272B-4465-B258-2DBF3DBED837}.Release|Any CPU.ActiveCfg = Release|x64
		{ADC31CEA-272B-4465-B258-2DBF3DBED837}.Release|Any CPU.Build.0 = Release|x64
		{ADC31CEA-272B-4465-B258-2DBF3DBED837}.Release|Any CPU.Deploy.0 = Release|x64
		{ADC31CEA-272B-4465-B258-2DBF3DBED837}.Release|ARM64.ActiveCfg = Release|ARM64
		{ADC31CEA-272B-4465-B258-2DBF3DBED837}.Release|ARM64.Build.0 = Release|ARM64
		{ADC31CEA-272B-4465-B258-2DBF3DBED837}.Release|ARM64.Deploy.0 = Release|ARM64
		{ADC31CEA-272B-4465-B258-2DBF3DBED837}.Release|x64.ActiveCfg = Release|x64
		{ADC31CEA-272B-4465-B258-2DBF3DBED837}.Release|x64.Build.0 = Release|x64
		{ADC31CEA-272B-4465-B258-2DBF3DBED837}.Release|x64.Deploy.0 = Release|x64
		{ADC31CEA-272B-4465-B258-2DBF3DBED837}.Release|x86.ActiveCfg = Release|x86
		{ADC31CEA-272B-4465-B258-2DBF3DBED837}.Release|x86.Build.0 = Release|x86
		{ADC31CEA-272B-4465-B258-2DBF3DBED837}.Release|x86.Deploy.0 = Release|x86
		{D639655F-85AC-4C46-BCE6-47F9B133AE93}.Debug|Any CPU.ActiveCfg = Debug|Any CPU
		{D639655F-85AC-4C46-BCE6-47F9B133AE93}.Debug|Any CPU.Build.0 = Debug|Any CPU
		{D639655F-85AC-4C46-BCE6-47F9B133AE93}.Debug|ARM64.ActiveCfg = Debug|Any CPU
		{D639655F-85AC-4C46-BCE6-47F9B133AE93}.Debug|ARM64.Build.0 = Debug|Any CPU
		{D639655F-85AC-4C46-BCE6-47F9B133AE93}.Debug|x64.ActiveCfg = Debug|Any CPU
		{D639655F-85AC-4C46-BCE6-47F9B133AE93}.Debug|x64.Build.0 = Debug|Any CPU
		{D639655F-85AC-4C46-BCE6-47F9B133AE93}.Debug|x86.ActiveCfg = Debug|Any CPU
		{D639655F-85AC-4C46-BCE6-47F9B133AE93}.Debug|x86.Build.0 = Debug|Any CPU
		{D639655F-85AC-4C46-BCE6-47F9B133AE93}.Release|Any CPU.ActiveCfg = Release|Any CPU
		{D639655F-85AC-4C46-BCE6-47F9B133AE93}.Release|Any CPU.Build.0 = Release|Any CPU
		{D639655F-85AC-4C46-BCE6-47F9B133AE93}.Release|ARM64.ActiveCfg = Release|Any CPU
		{D639655F-85AC-4C46-BCE6-47F9B133AE93}.Release|ARM64.Build.0 = Release|Any CPU
		{D639655F-85AC-4C46-BCE6-47F9B133AE93}.Release|x64.ActiveCfg = Release|Any CPU
		{D639655F-85AC-4C46-BCE6-47F9B133AE93}.Release|x64.Build.0 = Release|Any CPU
		{D639655F-85AC-4C46-BCE6-47F9B133AE93}.Release|x86.ActiveCfg = Release|Any CPU
		{D639655F-85AC-4C46-BCE6-47F9B133AE93}.Release|x86.Build.0 = Release|Any CPU
		{7F6A5B49-D1B5-4B2B-8157-7CA3452DE6E3}.Debug|Any CPU.ActiveCfg = Debug|Any CPU
		{7F6A5B49-D1B5-4B2B-8157-7CA3452DE6E3}.Debug|Any CPU.Build.0 = Debug|Any CPU
		{7F6A5B49-D1B5-4B2B-8157-7CA3452DE6E3}.Debug|ARM64.ActiveCfg = Debug|Any CPU
		{7F6A5B49-D1B5-4B2B-8157-7CA3452DE6E3}.Debug|ARM64.Build.0 = Debug|Any CPU
		{7F6A5B49-D1B5-4B2B-8157-7CA3452DE6E3}.Debug|x64.ActiveCfg = Debug|Any CPU
		{7F6A5B49-D1B5-4B2B-8157-7CA3452DE6E3}.Debug|x64.Build.0 = Debug|Any CPU
		{7F6A5B49-D1B5-4B2B-8157-7CA3452DE6E3}.Debug|x86.ActiveCfg = Debug|Any CPU
		{7F6A5B49-D1B5-4B2B-8157-7CA3452DE6E3}.Debug|x86.Build.0 = Debug|Any CPU
		{7F6A5B49-D1B5-4B2B-8157-7CA3452DE6E3}.Release|Any CPU.ActiveCfg = Release|Any CPU
		{7F6A5B49-D1B5-4B2B-8157-7CA3452DE6E3}.Release|Any CPU.Build.0 = Release|Any CPU
		{7F6A5B49-D1B5-4B2B-8157-7CA3452DE6E3}.Release|ARM64.ActiveCfg = Release|Any CPU
		{7F6A5B49-D1B5-4B2B-8157-7CA3452DE6E3}.Release|ARM64.Build.0 = Release|Any CPU
		{7F6A5B49-D1B5-4B2B-8157-7CA3452DE6E3}.Release|x64.ActiveCfg = Release|Any CPU
		{7F6A5B49-D1B5-4B2B-8157-7CA3452DE6E3}.Release|x64.Build.0 = Release|Any CPU
		{7F6A5B49-D1B5-4B2B-8157-7CA3452DE6E3}.Release|x86.ActiveCfg = Release|Any CPU
		{7F6A5B49-D1B5-4B2B-8157-7CA3452DE6E3}.Release|x86.Build.0 = Release|Any CPU
		{825E1F13-AAFB-4745-BDBB-3D1ABE2467E2}.Debug|Any CPU.ActiveCfg = Debug|Any CPU
		{825E1F13-AAFB-4745-BDBB-3D1ABE2467E2}.Debug|Any CPU.Build.0 = Debug|Any CPU
		{825E1F13-AAFB-4745-BDBB-3D1ABE2467E2}.Debug|ARM64.ActiveCfg = Debug|Any CPU
		{825E1F13-AAFB-4745-BDBB-3D1ABE2467E2}.Debug|ARM64.Build.0 = Debug|Any CPU
		{825E1F13-AAFB-4745-BDBB-3D1ABE2467E2}.Debug|x64.ActiveCfg = Debug|Any CPU
		{825E1F13-AAFB-4745-BDBB-3D1ABE2467E2}.Debug|x64.Build.0 = Debug|Any CPU
		{825E1F13-AAFB-4745-BDBB-3D1ABE2467E2}.Debug|x86.ActiveCfg = Debug|Any CPU
		{825E1F13-AAFB-4745-BDBB-3D1ABE2467E2}.Debug|x86.Build.0 = Debug|Any CPU
		{825E1F13-AAFB-4745-BDBB-3D1ABE2467E2}.Release|Any CPU.ActiveCfg = Release|Any CPU
		{825E1F13-AAFB-4745-BDBB-3D1ABE2467E2}.Release|Any CPU.Build.0 = Release|Any CPU
		{825E1F13-AAFB-4745-BDBB-3D1ABE2467E2}.Release|ARM64.ActiveCfg = Release|Any CPU
		{825E1F13-AAFB-4745-BDBB-3D1ABE2467E2}.Release|ARM64.Build.0 = Release|Any CPU
		{825E1F13-AAFB-4745-BDBB-3D1ABE2467E2}.Release|x64.ActiveCfg = Release|Any CPU
		{825E1F13-AAFB-4745-BDBB-3D1ABE2467E2}.Release|x64.Build.0 = Release|Any CPU
		{825E1F13-AAFB-4745-BDBB-3D1ABE2467E2}.Release|x86.ActiveCfg = Release|Any CPU
		{825E1F13-AAFB-4745-BDBB-3D1ABE2467E2}.Release|x86.Build.0 = Release|Any CPU
		{1896B27D-7BF8-4E84-B219-FDC5C5932453}.Debug|Any CPU.ActiveCfg = Debug|Any CPU
		{1896B27D-7BF8-4E84-B219-FDC5C5932453}.Debug|Any CPU.Build.0 = Debug|Any CPU
		{1896B27D-7BF8-4E84-B219-FDC5C5932453}.Debug|Any CPU.Deploy.0 = Debug|Any CPU
		{1896B27D-7BF8-4E84-B219-FDC5C5932453}.Debug|ARM64.ActiveCfg = Debug|Any CPU
		{1896B27D-7BF8-4E84-B219-FDC5C5932453}.Debug|ARM64.Build.0 = Debug|Any CPU
		{1896B27D-7BF8-4E84-B219-FDC5C5932453}.Debug|ARM64.Deploy.0 = Debug|Any CPU
		{1896B27D-7BF8-4E84-B219-FDC5C5932453}.Debug|x64.ActiveCfg = Debug|Any CPU
		{1896B27D-7BF8-4E84-B219-FDC5C5932453}.Debug|x64.Build.0 = Debug|Any CPU
		{1896B27D-7BF8-4E84-B219-FDC5C5932453}.Debug|x64.Deploy.0 = Debug|Any CPU
		{1896B27D-7BF8-4E84-B219-FDC5C5932453}.Debug|x86.ActiveCfg = Debug|Any CPU
		{1896B27D-7BF8-4E84-B219-FDC5C5932453}.Debug|x86.Build.0 = Debug|Any CPU
		{1896B27D-7BF8-4E84-B219-FDC5C5932453}.Debug|x86.Deploy.0 = Debug|Any CPU
		{1896B27D-7BF8-4E84-B219-FDC5C5932453}.Release|Any CPU.ActiveCfg = Release|Any CPU
		{1896B27D-7BF8-4E84-B219-FDC5C5932453}.Release|Any CPU.Build.0 = Release|Any CPU
		{1896B27D-7BF8-4E84-B219-FDC5C5932453}.Release|Any CPU.Deploy.0 = Release|Any CPU
		{1896B27D-7BF8-4E84-B219-FDC5C5932453}.Release|ARM64.ActiveCfg = Release|Any CPU
		{1896B27D-7BF8-4E84-B219-FDC5C5932453}.Release|ARM64.Build.0 = Release|Any CPU
		{1896B27D-7BF8-4E84-B219-FDC5C5932453}.Release|ARM64.Deploy.0 = Release|Any CPU
		{1896B27D-7BF8-4E84-B219-FDC5C5932453}.Release|x64.ActiveCfg = Release|Any CPU
		{1896B27D-7BF8-4E84-B219-FDC5C5932453}.Release|x64.Build.0 = Release|Any CPU
		{1896B27D-7BF8-4E84-B219-FDC5C5932453}.Release|x64.Deploy.0 = Release|Any CPU
		{1896B27D-7BF8-4E84-B219-FDC5C5932453}.Release|x86.ActiveCfg = Release|Any CPU
		{1896B27D-7BF8-4E84-B219-FDC5C5932453}.Release|x86.Build.0 = Release|Any CPU
		{1896B27D-7BF8-4E84-B219-FDC5C5932453}.Release|x86.Deploy.0 = Release|Any CPU
		{66E073CF-7FE0-4950-8C3E-51A610083F9A}.Debug|Any CPU.ActiveCfg = Debug|Any CPU
		{66E073CF-7FE0-4950-8C3E-51A610083F9A}.Debug|Any CPU.Build.0 = Debug|Any CPU
		{66E073CF-7FE0-4950-8C3E-51A610083F9A}.Debug|Any CPU.Deploy.0 = Debug|Any CPU
		{66E073CF-7FE0-4950-8C3E-51A610083F9A}.Debug|ARM64.ActiveCfg = Debug|Any CPU
		{66E073CF-7FE0-4950-8C3E-51A610083F9A}.Debug|ARM64.Build.0 = Debug|Any CPU
		{66E073CF-7FE0-4950-8C3E-51A610083F9A}.Debug|ARM64.Deploy.0 = Debug|Any CPU
		{66E073CF-7FE0-4950-8C3E-51A610083F9A}.Debug|x64.ActiveCfg = Debug|Any CPU
		{66E073CF-7FE0-4950-8C3E-51A610083F9A}.Debug|x64.Build.0 = Debug|Any CPU
		{66E073CF-7FE0-4950-8C3E-51A610083F9A}.Debug|x64.Deploy.0 = Debug|Any CPU
		{66E073CF-7FE0-4950-8C3E-51A610083F9A}.Debug|x86.ActiveCfg = Debug|Any CPU
		{66E073CF-7FE0-4950-8C3E-51A610083F9A}.Debug|x86.Build.0 = Debug|Any CPU
		{66E073CF-7FE0-4950-8C3E-51A610083F9A}.Debug|x86.Deploy.0 = Debug|Any CPU
		{66E073CF-7FE0-4950-8C3E-51A610083F9A}.Release|Any CPU.ActiveCfg = Release|Any CPU
		{66E073CF-7FE0-4950-8C3E-51A610083F9A}.Release|Any CPU.Build.0 = Release|Any CPU
		{66E073CF-7FE0-4950-8C3E-51A610083F9A}.Release|Any CPU.Deploy.0 = Release|Any CPU
		{66E073CF-7FE0-4950-8C3E-51A610083F9A}.Release|ARM64.ActiveCfg = Release|Any CPU
		{66E073CF-7FE0-4950-8C3E-51A610083F9A}.Release|ARM64.Build.0 = Release|Any CPU
		{66E073CF-7FE0-4950-8C3E-51A610083F9A}.Release|ARM64.Deploy.0 = Release|Any CPU
		{66E073CF-7FE0-4950-8C3E-51A610083F9A}.Release|x64.ActiveCfg = Release|Any CPU
		{66E073CF-7FE0-4950-8C3E-51A610083F9A}.Release|x64.Build.0 = Release|Any CPU
		{66E073CF-7FE0-4950-8C3E-51A610083F9A}.Release|x64.Deploy.0 = Release|Any CPU
		{66E073CF-7FE0-4950-8C3E-51A610083F9A}.Release|x86.ActiveCfg = Release|Any CPU
		{66E073CF-7FE0-4950-8C3E-51A610083F9A}.Release|x86.Build.0 = Release|Any CPU
		{66E073CF-7FE0-4950-8C3E-51A610083F9A}.Release|x86.Deploy.0 = Release|Any CPU
		{6CFD38C5-B407-4BFB-9E68-374547F4D417}.Debug|Any CPU.ActiveCfg = Debug|Any CPU
		{6CFD38C5-B407-4BFB-9E68-374547F4D417}.Debug|Any CPU.Build.0 = Debug|Any CPU
		{6CFD38C5-B407-4BFB-9E68-374547F4D417}.Debug|Any CPU.Deploy.0 = Debug|Any CPU
		{6CFD38C5-B407-4BFB-9E68-374547F4D417}.Debug|ARM64.ActiveCfg = Debug|Any CPU
		{6CFD38C5-B407-4BFB-9E68-374547F4D417}.Debug|ARM64.Build.0 = Debug|Any CPU
		{6CFD38C5-B407-4BFB-9E68-374547F4D417}.Debug|ARM64.Deploy.0 = Debug|Any CPU
		{6CFD38C5-B407-4BFB-9E68-374547F4D417}.Debug|x64.ActiveCfg = Debug|Any CPU
		{6CFD38C5-B407-4BFB-9E68-374547F4D417}.Debug|x64.Build.0 = Debug|Any CPU
		{6CFD38C5-B407-4BFB-9E68-374547F4D417}.Debug|x64.Deploy.0 = Debug|Any CPU
		{6CFD38C5-B407-4BFB-9E68-374547F4D417}.Debug|x86.ActiveCfg = Debug|Any CPU
		{6CFD38C5-B407-4BFB-9E68-374547F4D417}.Debug|x86.Build.0 = Debug|Any CPU
		{6CFD38C5-B407-4BFB-9E68-374547F4D417}.Debug|x86.Deploy.0 = Debug|Any CPU
		{6CFD38C5-B407-4BFB-9E68-374547F4D417}.Release|Any CPU.ActiveCfg = Release|Any CPU
		{6CFD38C5-B407-4BFB-9E68-374547F4D417}.Release|Any CPU.Build.0 = Release|Any CPU
		{6CFD38C5-B407-4BFB-9E68-374547F4D417}.Release|Any CPU.Deploy.0 = Release|Any CPU
		{6CFD38C5-B407-4BFB-9E68-374547F4D417}.Release|ARM64.ActiveCfg = Release|Any CPU
		{6CFD38C5-B407-4BFB-9E68-374547F4D417}.Release|ARM64.Build.0 = Release|Any CPU
		{6CFD38C5-B407-4BFB-9E68-374547F4D417}.Release|ARM64.Deploy.0 = Release|Any CPU
		{6CFD38C5-B407-4BFB-9E68-374547F4D417}.Release|x64.ActiveCfg = Release|Any CPU
		{6CFD38C5-B407-4BFB-9E68-374547F4D417}.Release|x64.Build.0 = Release|Any CPU
		{6CFD38C5-B407-4BFB-9E68-374547F4D417}.Release|x64.Deploy.0 = Release|Any CPU
		{6CFD38C5-B407-4BFB-9E68-374547F4D417}.Release|x86.ActiveCfg = Release|Any CPU
		{6CFD38C5-B407-4BFB-9E68-374547F4D417}.Release|x86.Build.0 = Release|Any CPU
		{6CFD38C5-B407-4BFB-9E68-374547F4D417}.Release|x86.Deploy.0 = Release|Any CPU
	EndGlobalSection
	GlobalSection(SolutionProperties) = preSolution
		HideSolutionNode = FALSE
	EndGlobalSection
	GlobalSection(NestedProjects) = preSolution
		{ADC31CEA-272B-4465-B258-2DBF3DBED837} = {4FCE55DA-E162-40FB-A91F-F175FD1D7E87}
		{D639655F-85AC-4C46-BCE6-47F9B133AE93} = {4FCE55DA-E162-40FB-A91F-F175FD1D7E87}
		{7F6A5B49-D1B5-4B2B-8157-7CA3452DE6E3} = {4FCE55DA-E162-40FB-A91F-F175FD1D7E87}
		{825E1F13-AAFB-4745-BDBB-3D1ABE2467E2} = {4FCE55DA-E162-40FB-A91F-F175FD1D7E87}
		{1896B27D-7BF8-4E84-B219-FDC5C5932453} = {4FCE55DA-E162-40FB-A91F-F175FD1D7E87}
		{66E073CF-7FE0-4950-8C3E-51A610083F9A} = {4FCE55DA-E162-40FB-A91F-F175FD1D7E87}
		{6CFD38C5-B407-4BFB-9E68-374547F4D417} = {4FCE55DA-E162-40FB-A91F-F175FD1D7E87}
	EndGlobalSection
	GlobalSection(ExtensibilityGlobals) = postSolution
		SolutionGuid = {6871677F-997D-4A0B-A123-155BA5602399}
	EndGlobalSection
EndGlobal
